
Microsoft Visual Studio Solution File, Format Version 12.00
# Visual Studio Version 16
VisualStudioVersion = 16.0.31702.278
MinimumVisualStudioVersion = 10.0.40219.1
Project("{9A19103F-16F7-4668-BE54-9A1E7A4F7556}") = "SuperDuperMedAPP", "SuperDuperMedAPP\SuperDuperMedAPP.csproj", "{7DA41F47-FE33-4708-AF22-908FFE3E28EF}"
EndProject
Project("{FAE04EC0-301F-11D3-BF4B-00C04F79EFBC}") = "SuperDuperMedAPP.Data.Tests", "SuperDuperMedAPP.Data.Tests\SuperDuperMedAPP.Data.Tests.csproj", "{77365754-383D-450A-8CDF-A90846141643}"
EndProject
Global
	GlobalSection(SolutionConfigurationPlatforms) = preSolution
		Debug|Any CPU = Debug|Any CPU
		Release|Any CPU = Release|Any CPU
	EndGlobalSection
	GlobalSection(ProjectConfigurationPlatforms) = postSolution
		{7DA41F47-FE33-4708-AF22-908FFE3E28EF}.Debug|Any CPU.ActiveCfg = Debug|Any CPU
		{7DA41F47-FE33-4708-AF22-908FFE3E28EF}.Debug|Any CPU.Build.0 = Debug|Any CPU
		{7DA41F47-FE33-4708-AF22-908FFE3E28EF}.Release|Any CPU.ActiveCfg = Release|Any CPU
		{7DA41F47-FE33-4708-AF22-908FFE3E28EF}.Release|Any CPU.Build.0 = Release|Any CPU
		{77365754-383D-450A-8CDF-A90846141643}.Debug|Any CPU.ActiveCfg = Debug|Any CPU
		{77365754-383D-450A-8CDF-A90846141643}.Debug|Any CPU.Build.0 = Debug|Any CPU
		{77365754-383D-450A-8CDF-A90846141643}.Release|Any CPU.ActiveCfg = Release|Any CPU
		{77365754-383D-450A-8CDF-A90846141643}.Release|Any CPU.Build.0 = Release|Any CPU
	EndGlobalSection
	GlobalSection(SolutionProperties) = preSolution
		HideSolutionNode = FALSE
	EndGlobalSection
	GlobalSection(ExtensibilityGlobals) = postSolution
		SolutionGuid = {B8E6D62A-F254-4C7E-8FD9-B1A06093D858}
	EndGlobalSection
EndGlobal
